
Microsoft Visual Studio Solution File, Format Version 12.00
# Visual Studio 15
VisualStudioVersion = 15.0.28307.329
MinimumVisualStudioVersion = 10.0.40219.1
Project("{FAE04EC0-301F-11D3-BF4B-00C04F79EFBC}") = "Project_restaurant", "Project_restaurant\Project_restaurant.csproj", "{B1FE4B96-89DA-4E33-983B-76841F724F1B}"
EndProject
Global
	GlobalSection(SolutionConfigurationPlatforms) = preSolution
		Debug|Any CPU = Debug|Any CPU
		Release|Any CPU = Release|Any CPU
	EndGlobalSection
	GlobalSection(ProjectConfigurationPlatforms) = postSolution
		{B1FE4B96-89DA-4E33-983B-76841F724F1B}.Debug|Any CPU.ActiveCfg = Debug|Any CPU
		{B1FE4B96-89DA-4E33-983B-76841F724F1B}.Debug|Any CPU.Build.0 = Debug|Any CPU
		{B1FE4B96-89DA-4E33-983B-76841F724F1B}.Release|Any CPU.ActiveCfg = Release|Any CPU
		{B1FE4B96-89DA-4E33-983B-76841F724F1B}.Release|Any CPU.Build.0 = Release|Any CPU
	EndGlobalSection
	GlobalSection(SolutionProperties) = preSolution
		HideSolutionNode = FALSE
	EndGlobalSection
	GlobalSection(ExtensibilityGlobals) = postSolution
		SolutionGuid = {1A4C6741-1868-45F6-B22F-ABABA183BA8B}
	EndGlobalSection
EndGlobal
